
Microsoft Visual Studio Solution File, Format Version 12.00
# Visual Studio Version 16
VisualStudioVersion = 16.0.34601.136
MinimumVisualStudioVersion = 10.0.40219.1
Project("{FAE04EC0-301F-11D3-BF4B-00C04F79EFBC}") = "SchoolManagementSystem", "SchoolManagementSystem\SchoolManagementSystem.csproj", "{72237ABD-FC0E-4D15-9AFA-03D306C33B39}"
EndProject
Global
	GlobalSection(SolutionConfigurationPlatforms) = preSolution
		Debug|Any CPU = Debug|Any CPU
		Release|Any CPU = Release|Any CPU
	EndGlobalSection
	GlobalSection(ProjectConfigurationPlatforms) = postSolution
		{72237ABD-FC0E-4D15-9AFA-03D306C33B39}.Debug|Any CPU.ActiveCfg = Debug|Any CPU
		{72237ABD-FC0E-4D15-9AFA-03D306C33B39}.Debug|Any CPU.Build.0 = Debug|Any CPU
		{72237ABD-FC0E-4D15-9AFA-03D306C33B39}.Release|Any CPU.ActiveCfg = Release|Any CPU
		{72237ABD-FC0E-4D15-9AFA-03D306C33B39}.Release|Any CPU.Build.0 = Release|Any CPU
	EndGlobalSection
	GlobalSection(SolutionProperties) = preSolution
		HideSolutionNode = FALSE
	EndGlobalSection
	GlobalSection(ExtensibilityGlobals) = postSolution
		SolutionGuid = {49E85A76-EF21-4487-BE09-E39D5FF7F5BA}
	EndGlobalSection
EndGlobal
